
Microsoft Visual Studio Solution File, Format Version 12.00
# Visual Studio Version 16
VisualStudioVersion = 16.0.31229.75
MinimumVisualStudioVersion = 10.0.40219.1
Project("{9A19103F-16F7-4668-BE54-9A1E7A4F7556}") = "CWA.Web", "CWA.Web\CWA.Web.csproj", "{EE3EADD8-5C6E-45B9-ABB4-0F595F6CFDBC}"
EndProject
Project("{9A19103F-16F7-4668-BE54-9A1E7A4F7556}") = "CWA.Entities", "CWA.Entities\CWA.Entities.csproj", "{9140FE4B-8956-40B2-A1A8-FB069AEFD587}"
EndProject
Project("{9A19103F-16F7-4668-BE54-9A1E7A4F7556}") = "CWA.Data", "CWA.Data\CWA.Data.csproj", "{495A5704-E84F-4578-BD50-D6D842A39D69}"
EndProject
Project("{9A19103F-16F7-4668-BE54-9A1E7A4F7556}") = "CWA.Models", "CWA.Models\CWA.Models.csproj", "{8E465FB9-E62E-47D4-86C5-2C642502D91F}"
EndProject
Project("{9A19103F-16F7-4668-BE54-9A1E7A4F7556}") = "CWA.Shared", "CWA.Shared\CWA.Shared.csproj", "{4B0D25DB-2604-45B1-969E-F226F7B28B40}"
EndProject
Project("{9A19103F-16F7-4668-BE54-9A1E7A4F7556}") = "CWA.Application", "CWA.Application\CWA.Application.csproj", "{FF2762A9-9E1C-4508-AFDC-C065286A91B7}"
EndProject
Project("{9A19103F-16F7-4668-BE54-9A1E7A4F7556}") = "CWA.AccessControl", "CWA.AccessControl\CWA.AccessControl.csproj", "{5FB0704A-0C56-4D6D-8DDE-870E0E80E31F}"
EndProject
Project("{2150E333-8FDC-42A3-9474-1A3956D46DE8}") = "Application", "Application", "{5437A800-2492-46C7-8DD2-A7B0B799E739}"
EndProject
Project("{2150E333-8FDC-42A3-9474-1A3956D46DE8}") = "Domain", "Domain", "{B0C4B598-6604-4DAC-9BEE-243624D31FF2}"
EndProject
Global
	GlobalSection(SolutionConfigurationPlatforms) = preSolution
		Debug|Any CPU = Debug|Any CPU
		Release|Any CPU = Release|Any CPU
	EndGlobalSection
	GlobalSection(ProjectConfigurationPlatforms) = postSolution
		{EE3EADD8-5C6E-45B9-ABB4-0F595F6CFDBC}.Debug|Any CPU.ActiveCfg = Debug|Any CPU
		{EE3EADD8-5C6E-45B9-ABB4-0F595F6CFDBC}.Debug|Any CPU.Build.0 = Debug|Any CPU
		{EE3EADD8-5C6E-45B9-ABB4-0F595F6CFDBC}.Release|Any CPU.ActiveCfg = Release|Any CPU
		{EE3EADD8-5C6E-45B9-ABB4-0F595F6CFDBC}.Release|Any CPU.Build.0 = Release|Any CPU
		{9140FE4B-8956-40B2-A1A8-FB069AEFD587}.Debug|Any CPU.ActiveCfg = Debug|Any CPU
		{9140FE4B-8956-40B2-A1A8-FB069AEFD587}.Debug|Any CPU.Build.0 = Debug|Any CPU
		{9140FE4B-8956-40B2-A1A8-FB069AEFD587}.Release|Any CPU.ActiveCfg = Release|Any CPU
		{9140FE4B-8956-40B2-A1A8-FB069AEFD587}.Release|Any CPU.Build.0 = Release|Any CPU
		{495A5704-E84F-4578-BD50-D6D842A39D69}.Debug|Any CPU.ActiveCfg = Debug|Any CPU
		{495A5704-E84F-4578-BD50-D6D842A39D69}.Debug|Any CPU.Build.0 = Debug|Any CPU
		{495A5704-E84F-4578-BD50-D6D842A39D69}.Release|Any CPU.ActiveCfg = Release|Any CPU
		{495A5704-E84F-4578-BD50-D6D842A39D69}.Release|Any CPU.Build.0 = Release|Any CPU
		{8E465FB9-E62E-47D4-86C5-2C642502D91F}.Debug|Any CPU.ActiveCfg = Debug|Any CPU
		{8E465FB9-E62E-47D4-86C5-2C642502D91F}.Debug|Any CPU.Build.0 = Debug|Any CPU
		{8E465FB9-E62E-47D4-86C5-2C642502D91F}.Release|Any CPU.ActiveCfg = Release|Any CPU
		{8E465FB9-E62E-47D4-86C5-2C642502D91F}.Release|Any CPU.Build.0 = Release|Any CPU
		{4B0D25DB-2604-45B1-969E-F226F7B28B40}.Debug|Any CPU.ActiveCfg = Debug|Any CPU
		{4B0D25DB-2604-45B1-969E-F226F7B28B40}.Debug|Any CPU.Build.0 = Debug|Any CPU
		{4B0D25DB-2604-45B1-969E-F226F7B28B40}.Release|Any CPU.ActiveCfg = Release|Any CPU
		{4B0D25DB-2604-45B1-969E-F226F7B28B40}.Release|Any CPU.Build.0 = Release|Any CPU
		{FF2762A9-9E1C-4508-AFDC-C065286A91B7}.Debug|Any CPU.ActiveCfg = Debug|Any CPU
		{FF2762A9-9E1C-4508-AFDC-C065286A91B7}.Debug|Any CPU.Build.0 = Debug|Any CPU
		{FF2762A9-9E1C-4508-AFDC-C065286A91B7}.Release|Any CPU.ActiveCfg = Release|Any CPU
		{FF2762A9-9E1C-4508-AFDC-C065286A91B7}.Release|Any CPU.Build.0 = Release|Any CPU
		{5FB0704A-0C56-4D6D-8DDE-870E0E80E31F}.Debug|Any CPU.ActiveCfg = Debug|Any CPU
		{5FB0704A-0C56-4D6D-8DDE-870E0E80E31F}.Debug|Any CPU.Build.0 = Debug|Any CPU
		{5FB0704A-0C56-4D6D-8DDE-870E0E80E31F}.Release|Any CPU.ActiveCfg = Release|Any CPU
		{5FB0704A-0C56-4D6D-8DDE-870E0E80E31F}.Release|Any CPU.Build.0 = Release|Any CPU
	EndGlobalSection
	GlobalSection(SolutionProperties) = preSolution
		HideSolutionNode = FALSE
	EndGlobalSection
	GlobalSection(NestedProjects) = preSolution
		{9140FE4B-8956-40B2-A1A8-FB069AEFD587} = {B0C4B598-6604-4DAC-9BEE-243624D31FF2}
		{495A5704-E84F-4578-BD50-D6D842A39D69} = {B0C4B598-6604-4DAC-9BEE-243624D31FF2}
		{8E465FB9-E62E-47D4-86C5-2C642502D91F} = {B0C4B598-6604-4DAC-9BEE-243624D31FF2}
		{4B0D25DB-2604-45B1-969E-F226F7B28B40} = {5437A800-2492-46C7-8DD2-A7B0B799E739}
		{FF2762A9-9E1C-4508-AFDC-C065286A91B7} = {5437A800-2492-46C7-8DD2-A7B0B799E739}
		{5FB0704A-0C56-4D6D-8DDE-870E0E80E31F} = {5437A800-2492-46C7-8DD2-A7B0B799E739}
	EndGlobalSection
	GlobalSection(ExtensibilityGlobals) = postSolution
		SolutionGuid = {DE54BB5C-AD5A-47D1-9015-A0B56DDDB1BD}
	EndGlobalSection
EndGlobal
